{
  "name": "ps-autobattler",
  "version": "0.1.0",
  "lockfileVersion": 3,
  "requires": true,
  "packages": {
    "": {
      "name": "ps-autobattler",
      "version": "0.1.0",
      "license": "MIT",
      "dependencies": {
        "convnetjs": "^0.3.0"
      }
    },
    "node_modules/convnetjs": {
      "version": "0.3.0",
      "resolved": "https://registry.npmjs.org/convnetjs/-/convnetjs-0.3.0.tgz",
      "integrity": "sha512-qG6VEbJS8FOQFR6xS0NMfUseR3P6GJ/JfAq2Ff8MrpeF5Y2HVmZI6zcakOYz50f34qq2SMumlUhB7gfmypo8lg==",
      "license": "MIT"
    }
  }
}
